Microsoft Visual Studio Solution File, Format Version 11.00
# Visual Studio 2008

Project("{34756952-E236-1DC6-7C01-7759E8112053}") = "lazysocks", "Assembly-CSharp.csproj", "{886F1F25-C55F-5330-FA9A-B420A82DEFC4}"
EndProject
Global
	GlobalSection(SolutionConfigurationPlatforms) = preSolution
		Debug|Any CPU = Debug|Any CPU
		Release|Any CPU = Release|Any CPU
	EndGlobalSection
	GlobalSection(ProjectConfigurationPlatforms) = postSolution
		{886F1F25-C55F-5330-FA9A-B420A82DEFC4}.Debug|Any CPU.ActiveCfg = Debug|Any CPU
		{886F1F25-C55F-5330-FA9A-B420A82DEFC4}.Debug|Any CPU.Build.0 = Debug|Any CPU
		{886F1F25-C55F-5330-FA9A-B420A82DEFC4}.Release|Any CPU.ActiveCfg = Release|Any CPU
		{886F1F25-C55F-5330-FA9A-B420A82DEFC4}.Release|Any CPU.Build.0 = Release|Any CPU
	EndGlobalSection
	GlobalSection(SolutionProperties) = preSolution
		HideSolutionNode = FALSE
	EndGlobalSection
	GlobalSection(MonoDevelopProperties) = preSolution
		StartupItem = Assembly-CSharp.csproj
	EndGlobalSection
EndGlobal
