
Microsoft Visual Studio Solution File, Format Version 12.00
# Visual Studio 2015
Project("{FAE04EC0-301F-11D3-BF4B-00C04F79EFBC}") = "lazysocks.CSharp", "lazysocks.CSharp.csproj", "{C83521DD-564F-59DD-44FE-109D4B3210BE}"
EndProject
Global
	GlobalSection(SolutionConfigurationPlatforms) = preSolution
		Debug|Any CPU = Debug|Any CPU
		Release|Any CPU = Release|Any CPU
	EndGlobalSection
	GlobalSection(ProjectConfigurationPlatforms) = postSolution
		{C83521DD-564F-59DD-44FE-109D4B3210BE}.Debug|Any CPU.ActiveCfg = Debug|Any CPU
		{C83521DD-564F-59DD-44FE-109D4B3210BE}.Debug|Any CPU.Build.0 = Debug|Any CPU
		{C83521DD-564F-59DD-44FE-109D4B3210BE}.Release|Any CPU.ActiveCfg = Release|Any CPU
		{C83521DD-564F-59DD-44FE-109D4B3210BE}.Release|Any CPU.Build.0 = Release|Any CPU
	EndGlobalSection
	GlobalSection(SolutionProperties) = preSolution
		HideSolutionNode = FALSE
	EndGlobalSection
EndGlobal
